
Microsoft Visual Studio Solution File, Format Version 12.00
# Visual Studio Version 16
VisualStudioVersion = 16.0.30621.155
MinimumVisualStudioVersion = 10.0.40219.1
Project("{FAE04EC0-301F-11D3-BF4B-00C04F79EFBC}") = "PhotoCenter", "PhotoCenter\PhotoCenter.csproj", "{89664D19-BEB8-47F9-9535-FF5BC1291550}"
EndProject
Project("{2150E333-8FDC-42A3-9474-1A3956D46DE8}") = "NewFolder1", "NewFolder1", "{A7372BA7-C089-4C32-B917-2FAE5B6395E3}"
EndProject
Global
	GlobalSection(SolutionConfigurationPlatforms) = preSolution
		Debug|Any CPU = Debug|Any CPU
		Release|Any CPU = Release|Any CPU
	EndGlobalSection
	GlobalSection(ProjectConfigurationPlatforms) = postSolution
		{89664D19-BEB8-47F9-9535-FF5BC1291550}.Debug|Any CPU.ActiveCfg = Debug|Any CPU
		{89664D19-BEB8-47F9-9535-FF5BC1291550}.Debug|Any CPU.Build.0 = Debug|Any CPU
		{89664D19-BEB8-47F9-9535-FF5BC1291550}.Release|Any CPU.ActiveCfg = Release|Any CPU
		{89664D19-BEB8-47F9-9535-FF5BC1291550}.Release|Any CPU.Build.0 = Release|Any CPU
	EndGlobalSection
	GlobalSection(SolutionProperties) = preSolution
		HideSolutionNode = FALSE
	EndGlobalSection
	GlobalSection(ExtensibilityGlobals) = postSolution
		SolutionGuid = {8258A7D5-43EC-4C13-AF2B-6F8D9CE62DD2}
	EndGlobalSection
EndGlobal
